
Microsoft Visual Studio Solution File, Format Version 12.00
# Visual Studio Version 17
VisualStudioVersion = 17.9.34701.34
MinimumVisualStudioVersion = 10.0.40219.1
Project("{2150E333-8FDC-42A3-9474-1A3956D46DE8}") = "Document", "Document", "{1B585B16-8451-4093-BDA2-B337AE2C4EFC}"
	ProjectSection(SolutionItems) = preProject
		gRPC_Document.txt = gRPC_Document.txt
		Plan.txt = Plan.txt
		Requirment.txt = Requirment.txt
		Structure.txt = Structure.txt
		Week2Report.txt = Week2Report.txt
		Week3Report.txt = Week3Report.txt
		Week4Report.txt = Week4Report.txt
	EndProjectSection
EndProject
Project("{2150E333-8FDC-42A3-9474-1A3956D46DE8}") = "Src", "Src", "{E6A9AA3D-E400-4D23-B26F-C686C2EF5898}"
EndProject
Project("{2150E333-8FDC-42A3-9474-1A3956D46DE8}") = "Test", "Test", "{61A14398-F7B1-449B-B7D5-E3B557E4B6C8}"
EndProject
Project("{2150E333-8FDC-42A3-9474-1A3956D46DE8}") = "MicroServices", "MicroServices", "{4C7E27D1-8984-4D76-9990-BD1769862EBF}"
EndProject
Project("{2150E333-8FDC-42A3-9474-1A3956D46DE8}") = "ApiGateways", "ApiGateways", "{8C29C438-6264-4161-8238-742A64A0723C}"
EndProject
Project("{2150E333-8FDC-42A3-9474-1A3956D46DE8}") = "UserServices", "UserServices", "{F766E42E-283D-4853-AE31-99E635791AEC}"
EndProject
Project("{2150E333-8FDC-42A3-9474-1A3956D46DE8}") = "MovieServices", "MovieServices", "{0319279C-6B3F-4A4E-95E5-D182CE770D37}"
EndProject
Project("{2150E333-8FDC-42A3-9474-1A3956D46DE8}") = "TicketServices", "TicketServices", "{3BA492E6-184C-40B6-9F2C-96CA71762A87}"
EndProject
Project("{9A19103F-16F7-4668-BE54-9A1E7A4F7556}") = "MovieServices.Domain", "MovieServices.Domain\MovieServices.Domain.csproj", "{AFA1AD27-168A-43F8-A46C-F824EF5D93F6}"
EndProject
Project("{9A19103F-16F7-4668-BE54-9A1E7A4F7556}") = "MovieServices.Infrastructure", "MovieServices.Infrastructure\MovieServices.Infrastructure.csproj", "{25143854-BF8E-4009-A06D-7AE52E920BFD}"
EndProject
Project("{9A19103F-16F7-4668-BE54-9A1E7A4F7556}") = "MovieServices.Application", "MovieServices.Application\MovieServices.Application.csproj", "{0513A6BB-62DC-4A59-A8C9-AEF65EDBDB25}"
EndProject
Project("{9A19103F-16F7-4668-BE54-9A1E7A4F7556}") = "MovieServices.Api", "MovieServices.Api\MovieServices.Api.csproj", "{89EE8CEF-B1B3-405B-BABA-DB05CC1AE29C}"
EndProject
Project("{9A19103F-16F7-4668-BE54-9A1E7A4F7556}") = "ApecMovieGateWay", "ApecMovieGateWay\ApecMovieGateWay.csproj", "{7AE18D12-8E9C-4175-A414-170799DE7F1D}"
EndProject
Project("{2150E333-8FDC-42A3-9474-1A3956D46DE8}") = "Core", "Core", "{BA9AE719-0AF2-49BB-8B6B-8651DB03E52C}"
EndProject
Project("{9A19103F-16F7-4668-BE54-9A1E7A4F7556}") = "ApecMovieCore", "ApecMovieCore\ApecMovieCore.csproj", "{CC8FFADB-8B00-42E5-AB12-DA55C467080E}"
EndProject
Project("{2150E333-8FDC-42A3-9474-1A3956D46DE8}") = "Manage", "Manage", "{D850B19F-378C-4581-A886-1580CA00A84D}"
EndProject
Project("{9A19103F-16F7-4668-BE54-9A1E7A4F7556}") = "IoCmanage", "IoCmanage\IoCmanage.csproj", "{62F27E30-E4BD-424E-836D-10240D264BA3}"
EndProject
Project("{2150E333-8FDC-42A3-9474-1A3956D46DE8}") = "MovieServicesTest", "MovieServicesTest", "{AEFB4D13-9A15-4498-B1EC-BC2B7311C900}"
EndProject
Project("{9A19103F-16F7-4668-BE54-9A1E7A4F7556}") = "MovieServices.Test", "MovieServices.Test\MovieServices.Test.csproj", "{1F164310-27AF-448B-AD70-36625740C680}"
EndProject
Project("{2150E333-8FDC-42A3-9474-1A3956D46DE8}") = "FrontEnd", "FrontEnd", "{1A357578-A89D-4276-94CA-46BE51710183}"
EndProject
Project("{9A19103F-16F7-4668-BE54-9A1E7A4F7556}") = "ApecMovieFrontend", "ApecMovieFrontend\ApecMovieFrontend.csproj", "{2347735F-33FC-4B51-8FBF-C8FB987AD2E0}"
EndProject
Project("{9A19103F-16F7-4668-BE54-9A1E7A4F7556}") = "UserServices.Domain", "UserServices.Domain\UserServices.Domain.csproj", "{185D5DA7-2861-4460-81A2-EB5C53DF1C35}"
EndProject
Project("{9A19103F-16F7-4668-BE54-9A1E7A4F7556}") = "UserServices.Infrastructure", "UserServices.Infrastructure\UserServices.Infrastructure.csproj", "{ABE173A4-6677-4826-A8CF-BAE22AA58B17}"
EndProject
Project("{9A19103F-16F7-4668-BE54-9A1E7A4F7556}") = "UserServices.Application", "UserServices.Application\UserServices.Application.csproj", "{0B017FD1-BBE6-41A9-B13A-D0B80FAFCA60}"
EndProject
Project("{9A19103F-16F7-4668-BE54-9A1E7A4F7556}") = "UserServices.Api", "UserServices.Api\UserServices.Api.csproj", "{08F680D8-15A4-4992-82A4-499D318A6484}"
EndProject
Project("{2150E333-8FDC-42A3-9474-1A3956D46DE8}") = "EmailServices", "EmailServices", "{7427350B-A093-4C65-B119-CF41D7757066}"
EndProject
Project("{9A19103F-16F7-4668-BE54-9A1E7A4F7556}") = "EmailServices.Api", "EmailServices.Api\EmailServices.Api.csproj", "{18399C5F-26F7-4719-B90D-7CEA3BFBF76E}"
EndProject
Project("{2150E333-8FDC-42A3-9474-1A3956D46DE8}") = "MessageQueue", "MessageQueue", "{129D7E75-0A36-4E46-8DAD-7DAE5FF1AE8C}"
EndProject
Project("{9A19103F-16F7-4668-BE54-9A1E7A4F7556}") = "RabbitMQ", "RabbitMQ\RabbitMQ.csproj", "{A8C8FE64-9090-4C19-90C1-DA9A86262197}"
EndProject
Project("{9A19103F-16F7-4668-BE54-9A1E7A4F7556}") = "ApecCoreIdentity", "ApecCoreIdentity\ApecCoreIdentity.csproj", "{41896787-C301-43D1-A5E7-0808D1E9932C}"
EndProject
Project("{9A19103F-16F7-4668-BE54-9A1E7A4F7556}") = "SwaggerDoc", "SwaggerDoc\SwaggerDoc.csproj", "{A8BC44C0-7668-478E-B417-60CE6217BA2E}"
EndProject
Project("{9A19103F-16F7-4668-BE54-9A1E7A4F7556}") = "CoreHeathCheck", "CoreHeathCheck\CoreHeathCheck.csproj", "{D310AEA9-B303-49FD-B048-D939A7DDE125}"
EndProject
Project("{9A19103F-16F7-4668-BE54-9A1E7A4F7556}") = "TicketServices.Domain", "TicketServices.Domain\TicketServices.Domain.csproj", "{90A72DC7-63CF-4011-ABB3-A325081E1F0C}"
EndProject
Project("{9A19103F-16F7-4668-BE54-9A1E7A4F7556}") = "TicketServices.Infrastructure", "TicketServices.Infrastructure\TicketServices.Infrastructure.csproj", "{9F155B82-7775-468B-A3CE-96487A39CCFC}"
EndProject
Project("{9A19103F-16F7-4668-BE54-9A1E7A4F7556}") = "TicketServices.Application", "TicketServices.Application\TicketServices.Application.csproj", "{DA7FBDF3-F55C-4762-8555-94AED4639811}"
EndProject
Project("{9A19103F-16F7-4668-BE54-9A1E7A4F7556}") = "TicketServices.Api", "TicketServices.Api\TicketServices.Api.csproj", "{361F8B77-8B86-4C72-B7EB-71E09A65DF14}"
EndProject
Project("{2150E333-8FDC-42A3-9474-1A3956D46DE8}") = "PaymentServices", "PaymentServices", "{D0CBBE3F-E1C9-46AC-9868-1C49084131DC}"
EndProject
Project("{2150E333-8FDC-42A3-9474-1A3956D46DE8}") = "gRPC-server", "gRPC-server", "{9B18E059-9F4C-4457-9689-A3E813A6FF57}"
EndProject
Project("{9A19103F-16F7-4668-BE54-9A1E7A4F7556}") = "PaymentServices.Api", "PaymentServices.Api\PaymentServices.Api.csproj", "{926307AB-6455-4CA7-8603-D5EC1BDA203A}"
EndProject
Project("{9A19103F-16F7-4668-BE54-9A1E7A4F7556}") = "GrpcServiceCore", "GrpcServiceCore\GrpcServiceCore.csproj", "{2AAAAA55-8E43-4128-AA7D-64D5BA6569B4}"
EndProject
Global
	GlobalSection(SolutionConfigurationPlatforms) = preSolution
		Debug|Any CPU = Debug|Any CPU
		Release|Any CPU = Release|Any CPU
	EndGlobalSection
	GlobalSection(ProjectConfigurationPlatforms) = postSolution
		{AFA1AD27-168A-43F8-A46C-F824EF5D93F6}.Debug|Any CPU.ActiveCfg = Debug|Any CPU
		{AFA1AD27-168A-43F8-A46C-F824EF5D93F6}.Debug|Any CPU.Build.0 = Debug|Any CPU
		{AFA1AD27-168A-43F8-A46C-F824EF5D93F6}.Release|Any CPU.ActiveCfg = Release|Any CPU
		{AFA1AD27-168A-43F8-A46C-F824EF5D93F6}.Release|Any CPU.Build.0 = Release|Any CPU
		{25143854-BF8E-4009-A06D-7AE52E920BFD}.Debug|Any CPU.ActiveCfg = Debug|Any CPU
		{25143854-BF8E-4009-A06D-7AE52E920BFD}.Debug|Any CPU.Build.0 = Debug|Any CPU
		{25143854-BF8E-4009-A06D-7AE52E920BFD}.Release|Any CPU.ActiveCfg = Release|Any CPU
		{25143854-BF8E-4009-A06D-7AE52E920BFD}.Release|Any CPU.Build.0 = Release|Any CPU
		{0513A6BB-62DC-4A59-A8C9-AEF65EDBDB25}.Debug|Any CPU.ActiveCfg = Debug|Any CPU
		{0513A6BB-62DC-4A59-A8C9-AEF65EDBDB25}.Debug|Any CPU.Build.0 = Debug|Any CPU
		{0513A6BB-62DC-4A59-A8C9-AEF65EDBDB25}.Release|Any CPU.ActiveCfg = Release|Any CPU
		{0513A6BB-62DC-4A59-A8C9-AEF65EDBDB25}.Release|Any CPU.Build.0 = Release|Any CPU
		{89EE8CEF-B1B3-405B-BABA-DB05CC1AE29C}.Debug|Any CPU.ActiveCfg = Debug|Any CPU
		{89EE8CEF-B1B3-405B-BABA-DB05CC1AE29C}.Debug|Any CPU.Build.0 = Debug|Any CPU
		{89EE8CEF-B1B3-405B-BABA-DB05CC1AE29C}.Release|Any CPU.ActiveCfg = Release|Any CPU
		{89EE8CEF-B1B3-405B-BABA-DB05CC1AE29C}.Release|Any CPU.Build.0 = Release|Any CPU
		{7AE18D12-8E9C-4175-A414-170799DE7F1D}.Debug|Any CPU.ActiveCfg = Debug|Any CPU
		{7AE18D12-8E9C-4175-A414-170799DE7F1D}.Debug|Any CPU.Build.0 = Debug|Any CPU
		{7AE18D12-8E9C-4175-A414-170799DE7F1D}.Release|Any CPU.ActiveCfg = Release|Any CPU
		{7AE18D12-8E9C-4175-A414-170799DE7F1D}.Release|Any CPU.Build.0 = Release|Any CPU
		{CC8FFADB-8B00-42E5-AB12-DA55C467080E}.Debug|Any CPU.ActiveCfg = Debug|Any CPU
		{CC8FFADB-8B00-42E5-AB12-DA55C467080E}.Debug|Any CPU.Build.0 = Debug|Any CPU
		{CC8FFADB-8B00-42E5-AB12-DA55C467080E}.Release|Any CPU.ActiveCfg = Release|Any CPU
		{CC8FFADB-8B00-42E5-AB12-DA55C467080E}.Release|Any CPU.Build.0 = Release|Any CPU
		{62F27E30-E4BD-424E-836D-10240D264BA3}.Debug|Any CPU.ActiveCfg = Debug|Any CPU
		{62F27E30-E4BD-424E-836D-10240D264BA3}.Debug|Any CPU.Build.0 = Debug|Any CPU
		{62F27E30-E4BD-424E-836D-10240D264BA3}.Release|Any CPU.ActiveCfg = Release|Any CPU
		{62F27E30-E4BD-424E-836D-10240D264BA3}.Release|Any CPU.Build.0 = Release|Any CPU
		{1F164310-27AF-448B-AD70-36625740C680}.Debug|Any CPU.ActiveCfg = Debug|Any CPU
		{1F164310-27AF-448B-AD70-36625740C680}.Debug|Any CPU.Build.0 = Debug|Any CPU
		{1F164310-27AF-448B-AD70-36625740C680}.Release|Any CPU.ActiveCfg = Release|Any CPU
		{1F164310-27AF-448B-AD70-36625740C680}.Release|Any CPU.Build.0 = Release|Any CPU
		{2347735F-33FC-4B51-8FBF-C8FB987AD2E0}.Debug|Any CPU.ActiveCfg = Debug|Any CPU
		{2347735F-33FC-4B51-8FBF-C8FB987AD2E0}.Debug|Any CPU.Build.0 = Debug|Any CPU
		{2347735F-33FC-4B51-8FBF-C8FB987AD2E0}.Release|Any CPU.ActiveCfg = Release|Any CPU
		{2347735F-33FC-4B51-8FBF-C8FB987AD2E0}.Release|Any CPU.Build.0 = Release|Any CPU
		{185D5DA7-2861-4460-81A2-EB5C53DF1C35}.Debug|Any CPU.ActiveCfg = Debug|Any CPU
		{185D5DA7-2861-4460-81A2-EB5C53DF1C35}.Debug|Any CPU.Build.0 = Debug|Any CPU
		{185D5DA7-2861-4460-81A2-EB5C53DF1C35}.Release|Any CPU.ActiveCfg = Release|Any CPU
		{185D5DA7-2861-4460-81A2-EB5C53DF1C35}.Release|Any CPU.Build.0 = Release|Any CPU
		{ABE173A4-6677-4826-A8CF-BAE22AA58B17}.Debug|Any CPU.ActiveCfg = Debug|Any CPU
		{ABE173A4-6677-4826-A8CF-BAE22AA58B17}.Debug|Any CPU.Build.0 = Debug|Any CPU
		{ABE173A4-6677-4826-A8CF-BAE22AA58B17}.Release|Any CPU.ActiveCfg = Release|Any CPU
		{ABE173A4-6677-4826-A8CF-BAE22AA58B17}.Release|Any CPU.Build.0 = Release|Any CPU
		{0B017FD1-BBE6-41A9-B13A-D0B80FAFCA60}.Debug|Any CPU.ActiveCfg = Debug|Any CPU
		{0B017FD1-BBE6-41A9-B13A-D0B80FAFCA60}.Debug|Any CPU.Build.0 = Debug|Any CPU
		{0B017FD1-BBE6-41A9-B13A-D0B80FAFCA60}.Release|Any CPU.ActiveCfg = Release|Any CPU
		{0B017FD1-BBE6-41A9-B13A-D0B80FAFCA60}.Release|Any CPU.Build.0 = Release|Any CPU
		{08F680D8-15A4-4992-82A4-499D318A6484}.Debug|Any CPU.ActiveCfg = Debug|Any CPU
		{08F680D8-15A4-4992-82A4-499D318A6484}.Debug|Any CPU.Build.0 = Debug|Any CPU
		{08F680D8-15A4-4992-82A4-499D318A6484}.Release|Any CPU.ActiveCfg = Release|Any CPU
		{08F680D8-15A4-4992-82A4-499D318A6484}.Release|Any CPU.Build.0 = Release|Any CPU
		{18399C5F-26F7-4719-B90D-7CEA3BFBF76E}.Debug|Any CPU.ActiveCfg = Debug|Any CPU
		{18399C5F-26F7-4719-B90D-7CEA3BFBF76E}.Debug|Any CPU.Build.0 = Debug|Any CPU
		{18399C5F-26F7-4719-B90D-7CEA3BFBF76E}.Release|Any CPU.ActiveCfg = Release|Any CPU
		{18399C5F-26F7-4719-B90D-7CEA3BFBF76E}.Release|Any CPU.Build.0 = Release|Any CPU
		{A8C8FE64-9090-4C19-90C1-DA9A86262197}.Debug|Any CPU.ActiveCfg = Debug|Any CPU
		{A8C8FE64-9090-4C19-90C1-DA9A86262197}.Debug|Any CPU.Build.0 = Debug|Any CPU
		{A8C8FE64-9090-4C19-90C1-DA9A86262197}.Release|Any CPU.ActiveCfg = Release|Any CPU
		{A8C8FE64-9090-4C19-90C1-DA9A86262197}.Release|Any CPU.Build.0 = Release|Any CPU
		{41896787-C301-43D1-A5E7-0808D1E9932C}.Debug|Any CPU.ActiveCfg = Debug|Any CPU
		{41896787-C301-43D1-A5E7-0808D1E9932C}.Debug|Any CPU.Build.0 = Debug|Any CPU
		{41896787-C301-43D1-A5E7-0808D1E9932C}.Release|Any CPU.ActiveCfg = Release|Any CPU
		{41896787-C301-43D1-A5E7-0808D1E9932C}.Release|Any CPU.Build.0 = Release|Any CPU
		{A8BC44C0-7668-478E-B417-60CE6217BA2E}.Debug|Any CPU.ActiveCfg = Debug|Any CPU
		{A8BC44C0-7668-478E-B417-60CE6217BA2E}.Debug|Any CPU.Build.0 = Debug|Any CPU
		{A8BC44C0-7668-478E-B417-60CE6217BA2E}.Release|Any CPU.ActiveCfg = Release|Any CPU
		{A8BC44C0-7668-478E-B417-60CE6217BA2E}.Release|Any CPU.Build.0 = Release|Any CPU
		{D310AEA9-B303-49FD-B048-D939A7DDE125}.Debug|Any CPU.ActiveCfg = Debug|Any CPU
		{D310AEA9-B303-49FD-B048-D939A7DDE125}.Debug|Any CPU.Build.0 = Debug|Any CPU
		{D310AEA9-B303-49FD-B048-D939A7DDE125}.Release|Any CPU.ActiveCfg = Release|Any CPU
		{D310AEA9-B303-49FD-B048-D939A7DDE125}.Release|Any CPU.Build.0 = Release|Any CPU
		{90A72DC7-63CF-4011-ABB3-A325081E1F0C}.Debug|Any CPU.ActiveCfg = Debug|Any CPU
		{90A72DC7-63CF-4011-ABB3-A325081E1F0C}.Debug|Any CPU.Build.0 = Debug|Any CPU
		{90A72DC7-63CF-4011-ABB3-A325081E1F0C}.Release|Any CPU.ActiveCfg = Release|Any CPU
		{90A72DC7-63CF-4011-ABB3-A325081E1F0C}.Release|Any CPU.Build.0 = Release|Any CPU
		{9F155B82-7775-468B-A3CE-96487A39CCFC}.Debug|Any CPU.ActiveCfg = Debug|Any CPU
		{9F155B82-7775-468B-A3CE-96487A39CCFC}.Debug|Any CPU.Build.0 = Debug|Any CPU
		{9F155B82-7775-468B-A3CE-96487A39CCFC}.Release|Any CPU.ActiveCfg = Release|Any CPU
		{9F155B82-7775-468B-A3CE-96487A39CCFC}.Release|Any CPU.Build.0 = Release|Any CPU
		{DA7FBDF3-F55C-4762-8555-94AED4639811}.Debug|Any CPU.ActiveCfg = Debug|Any CPU
		{DA7FBDF3-F55C-4762-8555-94AED4639811}.Debug|Any CPU.Build.0 = Debug|Any CPU
		{DA7FBDF3-F55C-4762-8555-94AED4639811}.Release|Any CPU.ActiveCfg = Release|Any CPU
		{DA7FBDF3-F55C-4762-8555-94AED4639811}.Release|Any CPU.Build.0 = Release|Any CPU
		{361F8B77-8B86-4C72-B7EB-71E09A65DF14}.Debug|Any CPU.ActiveCfg = Debug|Any CPU
		{361F8B77-8B86-4C72-B7EB-71E09A65DF14}.Debug|Any CPU.Build.0 = Debug|Any CPU
		{361F8B77-8B86-4C72-B7EB-71E09A65DF14}.Release|Any CPU.ActiveCfg = Release|Any CPU
		{361F8B77-8B86-4C72-B7EB-71E09A65DF14}.Release|Any CPU.Build.0 = Release|Any CPU
		{926307AB-6455-4CA7-8603-D5EC1BDA203A}.Debug|Any CPU.ActiveCfg = Debug|Any CPU
		{926307AB-6455-4CA7-8603-D5EC1BDA203A}.Debug|Any CPU.Build.0 = Debug|Any CPU
		{926307AB-6455-4CA7-8603-D5EC1BDA203A}.Release|Any CPU.ActiveCfg = Release|Any CPU
		{926307AB-6455-4CA7-8603-D5EC1BDA203A}.Release|Any CPU.Build.0 = Release|Any CPU
		{2AAAAA55-8E43-4128-AA7D-64D5BA6569B4}.Debug|Any CPU.ActiveCfg = Debug|Any CPU
		{2AAAAA55-8E43-4128-AA7D-64D5BA6569B4}.Debug|Any CPU.Build.0 = Debug|Any CPU
		{2AAAAA55-8E43-4128-AA7D-64D5BA6569B4}.Release|Any CPU.ActiveCfg = Release|Any CPU
		{2AAAAA55-8E43-4128-AA7D-64D5BA6569B4}.Release|Any CPU.Build.0 = Release|Any CPU
	EndGlobalSection
	GlobalSection(SolutionProperties) = preSolution
		HideSolutionNode = FALSE
	EndGlobalSection
	GlobalSection(NestedProjects) = preSolution
		{4C7E27D1-8984-4D76-9990-BD1769862EBF} = {E6A9AA3D-E400-4D23-B26F-C686C2EF5898}
		{8C29C438-6264-4161-8238-742A64A0723C} = {E6A9AA3D-E400-4D23-B26F-C686C2EF5898}
		{F766E42E-283D-4853-AE31-99E635791AEC} = {4C7E27D1-8984-4D76-9990-BD1769862EBF}
		{0319279C-6B3F-4A4E-95E5-D182CE770D37} = {4C7E27D1-8984-4D76-9990-BD1769862EBF}
		{3BA492E6-184C-40B6-9F2C-96CA71762A87} = {4C7E27D1-8984-4D76-9990-BD1769862EBF}
		{AFA1AD27-168A-43F8-A46C-F824EF5D93F6} = {0319279C-6B3F-4A4E-95E5-D182CE770D37}
		{25143854-BF8E-4009-A06D-7AE52E920BFD} = {0319279C-6B3F-4A4E-95E5-D182CE770D37}
		{0513A6BB-62DC-4A59-A8C9-AEF65EDBDB25} = {0319279C-6B3F-4A4E-95E5-D182CE770D37}
		{89EE8CEF-B1B3-405B-BABA-DB05CC1AE29C} = {0319279C-6B3F-4A4E-95E5-D182CE770D37}
		{7AE18D12-8E9C-4175-A414-170799DE7F1D} = {8C29C438-6264-4161-8238-742A64A0723C}
		{BA9AE719-0AF2-49BB-8B6B-8651DB03E52C} = {E6A9AA3D-E400-4D23-B26F-C686C2EF5898}
		{CC8FFADB-8B00-42E5-AB12-DA55C467080E} = {BA9AE719-0AF2-49BB-8B6B-8651DB03E52C}
		{D850B19F-378C-4581-A886-1580CA00A84D} = {E6A9AA3D-E400-4D23-B26F-C686C2EF5898}
		{62F27E30-E4BD-424E-836D-10240D264BA3} = {D850B19F-378C-4581-A886-1580CA00A84D}
		{AEFB4D13-9A15-4498-B1EC-BC2B7311C900} = {61A14398-F7B1-449B-B7D5-E3B557E4B6C8}
		{1F164310-27AF-448B-AD70-36625740C680} = {AEFB4D13-9A15-4498-B1EC-BC2B7311C900}
		{2347735F-33FC-4B51-8FBF-C8FB987AD2E0} = {1A357578-A89D-4276-94CA-46BE51710183}
		{185D5DA7-2861-4460-81A2-EB5C53DF1C35} = {F766E42E-283D-4853-AE31-99E635791AEC}
		{ABE173A4-6677-4826-A8CF-BAE22AA58B17} = {F766E42E-283D-4853-AE31-99E635791AEC}
		{0B017FD1-BBE6-41A9-B13A-D0B80FAFCA60} = {F766E42E-283D-4853-AE31-99E635791AEC}
		{08F680D8-15A4-4992-82A4-499D318A6484} = {F766E42E-283D-4853-AE31-99E635791AEC}
		{7427350B-A093-4C65-B119-CF41D7757066} = {4C7E27D1-8984-4D76-9990-BD1769862EBF}
		{18399C5F-26F7-4719-B90D-7CEA3BFBF76E} = {7427350B-A093-4C65-B119-CF41D7757066}
		{129D7E75-0A36-4E46-8DAD-7DAE5FF1AE8C} = {E6A9AA3D-E400-4D23-B26F-C686C2EF5898}
		{A8C8FE64-9090-4C19-90C1-DA9A86262197} = {129D7E75-0A36-4E46-8DAD-7DAE5FF1AE8C}
		{41896787-C301-43D1-A5E7-0808D1E9932C} = {BA9AE719-0AF2-49BB-8B6B-8651DB03E52C}
		{A8BC44C0-7668-478E-B417-60CE6217BA2E} = {BA9AE719-0AF2-49BB-8B6B-8651DB03E52C}
		{D310AEA9-B303-49FD-B048-D939A7DDE125} = {BA9AE719-0AF2-49BB-8B6B-8651DB03E52C}
		{90A72DC7-63CF-4011-ABB3-A325081E1F0C} = {3BA492E6-184C-40B6-9F2C-96CA71762A87}
		{9F155B82-7775-468B-A3CE-96487A39CCFC} = {3BA492E6-184C-40B6-9F2C-96CA71762A87}
		{DA7FBDF3-F55C-4762-8555-94AED4639811} = {3BA492E6-184C-40B6-9F2C-96CA71762A87}
		{361F8B77-8B86-4C72-B7EB-71E09A65DF14} = {3BA492E6-184C-40B6-9F2C-96CA71762A87}
		{D0CBBE3F-E1C9-46AC-9868-1C49084131DC} = {4C7E27D1-8984-4D76-9990-BD1769862EBF}
		{9B18E059-9F4C-4457-9689-A3E813A6FF57} = {E6A9AA3D-E400-4D23-B26F-C686C2EF5898}
		{926307AB-6455-4CA7-8603-D5EC1BDA203A} = {D0CBBE3F-E1C9-46AC-9868-1C49084131DC}
		{2AAAAA55-8E43-4128-AA7D-64D5BA6569B4} = {9B18E059-9F4C-4457-9689-A3E813A6FF57}
	EndGlobalSection
	GlobalSection(ExtensibilityGlobals) = postSolution
		SolutionGuid = {779AF1C2-4212-456D-87EB-454DD8205177}
	EndGlobalSection
EndGlobal
